
Microsoft Visual Studio Solution File, Format Version 12.00
# Visual Studio 15
VisualStudioVersion = 15.0.26430.6
MinimumVisualStudioVersion = 10.0.40219.1
Project("{8BC9CEB8-8B4A-11D0-8D11-00A0C91BC942}") = "smartcda", "smartcda\smartcda.vcxproj", "{1A967412-BCBA-4319-A89D-DBA351FFB443}"
EndProject
Project("{8BC9CEB8-8B4A-11D0-8D11-00A0C91BC942}") = "loader", "loader\loader.vcxproj", "{1F434EE1-A9A0-4983-8350-DFD2392440D4}"
	ProjectSection(ProjectDependencies) = postProject
		{1A967412-BCBA-4319-A89D-DBA351FFB443} = {1A967412-BCBA-4319-A89D-DBA351FFB443}
	EndProjectSection
EndProject
Project("{2150E333-8FDC-42A3-9474-1A3956D46DE8}") = "Solution Items", "Solution Items", "{CBCF70C0-D140-45AC-BBFB-BE0C81E5F89E}"
	ProjectSection(SolutionItems) = preProject
		smartcda.ini = smartcda.ini
		smartcda.md = smartcda.md
	EndProjectSection
EndProject
Global
	GlobalSection(SolutionConfigurationPlatforms) = preSolution
		Debug|x86 = Debug|x86
		Release|x86 = Release|x86
	EndGlobalSection
	GlobalSection(ProjectConfigurationPlatforms) = postSolution
		{1A967412-BCBA-4319-A89D-DBA351FFB443}.Debug|x86.ActiveCfg = Debug|Win32
		{1A967412-BCBA-4319-A89D-DBA351FFB443}.Debug|x86.Build.0 = Debug|Win32
		{1A967412-BCBA-4319-A89D-DBA351FFB443}.Release|x86.ActiveCfg = Release|Win32
		{1A967412-BCBA-4319-A89D-DBA351FFB443}.Release|x86.Build.0 = Release|Win32
		{1F434EE1-A9A0-4983-8350-DFD2392440D4}.Debug|x86.ActiveCfg = Debug|Win32
		{1F434EE1-A9A0-4983-8350-DFD2392440D4}.Debug|x86.Build.0 = Debug|Win32
		{1F434EE1-A9A0-4983-8350-DFD2392440D4}.Release|x86.ActiveCfg = Release|Win32
		{1F434EE1-A9A0-4983-8350-DFD2392440D4}.Release|x86.Build.0 = Release|Win32
	EndGlobalSection
	GlobalSection(SolutionProperties) = preSolution
		HideSolutionNode = FALSE
	EndGlobalSection
EndGlobal
